# generated by rye
# use `rye lock` or `rye sync` to update this lockfile
#
# last locked with the following flags:
#   pre: false
#   features: []
#   all-features: false
#   with-sources: false
#   generate-hashes: false

-e file:.
box2d-py==2.3.5
    # via gymnasium
cloudpickle==3.0.0
    # via gymnasium
farama-notifications==0.0.4
    # via gymnasium
gymnasium==0.29.1
    # via burn-rl-example
numpy==1.26.4
    # via gymnasium
pygame==2.6.0
    # via gymnasium
swig==4.2.1
    # via gymnasium
typing-extensions==4.12.2
    # via gymnasium
